
Microsoft Visual Studio Solution File, Format Version 12.00
# Visual Studio Version 16
VisualStudioVersion = 16.0.30907.101
MinimumVisualStudioVersion = 10.0.40219.1
Project("{FAE04EC0-301F-11D3-BF4B-00C04F79EFBC}") = "SCOOP_TAB", "SCOOP_TAB\SCOOP_TAB.csproj", "{AABE2162-8D97-4A67-AB69-09ED66800DE0}"
EndProject
Global
	GlobalSection(SolutionConfigurationPlatforms) = preSolution
		Debug|Any CPU = Debug|Any CPU
		Release|Any CPU = Release|Any CPU
	EndGlobalSection
	GlobalSection(ProjectConfigurationPlatforms) = postSolution
		{AABE2162-8D97-4A67-AB69-09ED66800DE0}.Debug|Any CPU.ActiveCfg = Debug|Any CPU
		{AABE2162-8D97-4A67-AB69-09ED66800DE0}.Debug|Any CPU.Build.0 = Debug|Any CPU
		{AABE2162-8D97-4A67-AB69-09ED66800DE0}.Release|Any CPU.ActiveCfg = Release|Any CPU
		{AABE2162-8D97-4A67-AB69-09ED66800DE0}.Release|Any CPU.Build.0 = Release|Any CPU
	EndGlobalSection
	GlobalSection(SolutionProperties) = preSolution
		HideSolutionNode = FALSE
	EndGlobalSection
	GlobalSection(ExtensibilityGlobals) = postSolution
		SolutionGuid = {C1BADE80-5A4C-4D04-AD5D-424883444372}
	EndGlobalSection
EndGlobal
